
Microsoft Visual Studio Solution File, Format Version 12.00
# Visual Studio Version 16
VisualStudioVersion = 16.0.29519.87
MinimumVisualStudioVersion = 10.0.40219.1
Project("{FAE04EC0-301F-11D3-BF4B-00C04F79EFBC}") = "SensorTest", "SensorTest\SensorTest.csproj", "{1633FE30-6857-455A-AD30-77E6040B73F6}"
EndProject
Global
	GlobalSection(SolutionConfigurationPlatforms) = preSolution
		Debug|Any CPU = Debug|Any CPU
		Release|Any CPU = Release|Any CPU
	EndGlobalSection
	GlobalSection(ProjectConfigurationPlatforms) = postSolution
		{1633FE30-6857-455A-AD30-77E6040B73F6}.Debug|Any CPU.ActiveCfg = Debug|Any CPU
		{1633FE30-6857-455A-AD30-77E6040B73F6}.Debug|Any CPU.Build.0 = Debug|Any CPU
		{1633FE30-6857-455A-AD30-77E6040B73F6}.Release|Any CPU.ActiveCfg = Release|Any CPU
		{1633FE30-6857-455A-AD30-77E6040B73F6}.Release|Any CPU.Build.0 = Release|Any CPU
	EndGlobalSection
	GlobalSection(SolutionProperties) = preSolution
		HideSolutionNode = FALSE
	EndGlobalSection
	GlobalSection(ExtensibilityGlobals) = postSolution
		SolutionGuid = {C63861A9-4E2B-40C0-9AEF-070245E24A38}
	EndGlobalSection
EndGlobal
